
Microsoft Visual Studio Solution File, Format Version 12.00
# Visual Studio 14
VisualStudioVersion = 14.0.25420.1
MinimumVisualStudioVersion = 10.0.40219.1
Project("{FAE04EC0-301F-11D3-BF4B-00C04F79EFBC}") = "wpf_TCP_Laser_Emulator", "wpf_TCP_Laser_Emulator\wpf_TCP_Laser_Emulator.csproj", "{145B08AD-B790-4A00-96CB-28D6CD55D5A5}"
EndProject
Global
	GlobalSection(SolutionConfigurationPlatforms) = preSolution
		Debug|Any CPU = Debug|Any CPU
		Release|Any CPU = Release|Any CPU
	EndGlobalSection
	GlobalSection(ProjectConfigurationPlatforms) = postSolution
		{145B08AD-B790-4A00-96CB-28D6CD55D5A5}.Debug|Any CPU.ActiveCfg = Debug|Any CPU
		{145B08AD-B790-4A00-96CB-28D6CD55D5A5}.Debug|Any CPU.Build.0 = Debug|Any CPU
		{145B08AD-B790-4A00-96CB-28D6CD55D5A5}.Release|Any CPU.ActiveCfg = Release|Any CPU
		{145B08AD-B790-4A00-96CB-28D6CD55D5A5}.Release|Any CPU.Build.0 = Release|Any CPU
	EndGlobalSection
	GlobalSection(SolutionProperties) = preSolution
		HideSolutionNode = FALSE
	EndGlobalSection
EndGlobal
